hash: fd0496dfdd09e70bfa807ca2d85b4d99e425b22f6154236badd448e8d27a5f2a
updated: 2019-03-01T16:35:15.032446+08:00
imports:
- name: cloud.google.com/go
  version: 7602c08c66ccf0729b4f373ed8d87c91a8e48e22
  subpackages:
  - compute/metadata
  - firestore
  - firestore/apiv1beta1
  - iam
  - internal
  - internal/btree
  - internal/fields
  - internal/optional
  - internal/trace
  - internal/version
  - storage
- name: firebase.google.com/go
  version: d66173809ba9d56b97a4e69df7f832c9a93cd323
  subpackages:
  - auth
  - db
  - iid
  - internal
  - messaging
  - storage
- name: github.com/dgrijalva/jwt-go
  version: 01aeca54ebda6e0fbfafd0a524d234159c05ec20
- name: github.com/evalphobia/logrus_sentry
  version: d265708c9c877d2f458e673f0af437a0529baee9
- name: github.com/facebookgo/inject
  version: d5029152fecb2a8e68f7f8eb3c6391fc8ee70496
- name: github.com/facebookgo/structtag
  version: 217e25fb96916cc60332e399c9aa63f5c422ceed
- name: github.com/franela/goreq
  version: b5b0f5eb2d16f20345cce0a544a75163579c0b00
- name: github.com/garyburd/redigo
  version: 6ece6e0a09f28cc399b21550cbf37ab39ba63cce
  subpackages:
  - internal
  - redis
- name: github.com/getsentry/raven-go
  version: 74c334d7b8aaa4fd1b4fc6aa428c36fed1699e28
- name: github.com/golang/mock
  version: 13f360950a79f5864a972c786a10a50e44b69541
  subpackages:
  - gomock
- name: github.com/golang/protobuf
  version: b5d812f8a3706043e23a9cd5babf2e5423744d30
  subpackages:
  - proto
  - protoc-gen-go/descriptor
  - ptypes
  - ptypes/any
  - ptypes/duration
  - ptypes/empty
  - ptypes/struct
  - ptypes/timestamp
  - ptypes/wrappers
- name: github.com/googleapis/gax-go
  version: b001040cd31805261cbd978842099e326dfa857b
- name: github.com/gorilla/websocket
  version: b6ab76f1fe9803ee1d59e7e5b2a797c1fe897ce5
- name: github.com/hashicorp/golang-lru
  version: 7087cb70de9f7a8bc0a10c375cb0d2280a8edf9c
  subpackages:
  - simplelru
- name: github.com/jmoiron/sqlx
  version: d9bd385d68c068f1fabb5057e3dedcbcbb039d0f
  subpackages:
  - reflectx
- name: github.com/joho/godotenv
  version: 4ed13390c0acd2ff4e371e64d8b97c8954138243
- name: github.com/jpillora/backoff
  version: 2ff7c4694083b5dbd71b21fd7cb7577477a74b31
- name: github.com/lann/builder
  version: f22ce00fd9394014049dad11c244859432bd6820
- name: github.com/lann/ps
  version: 62de8c46ede02a7675c4c79c84883eb164cb71e3
- name: github.com/lann/squirrel
  version: e13dbacee404686afd0acf2d44b8d34869605e03
- name: github.com/lib/pq
  version: 2704adc878c21e1329f46f6e56a1c387d788ff94
  subpackages:
  - oid
- name: github.com/mattn/go-xmpp
  version: d86062634d19b6ac3e601f0d2b875879bb6b9569
- name: github.com/mitchellh/mapstructure
  version: 281073eb9eb092240d33ef253c404f1cca550309
- name: github.com/paulmach/go.geo
  version: c84b6002b0f727d4a2d40e05466dfc3cc54eb329
- name: github.com/paulmach/go.geojson
  version: 6bb595384bbe8e2f960c3a1df0e4e66c9da3e884
- name: github.com/pborman/uuid
  version: cccd189d45f7ac3368a0d127efb7f4d08ae0b655
- name: github.com/robfig/cron
  version: 67823cd24dece1b04cced3a0a0b3ca2bc84d875e
- name: github.com/Sirupsen/logrus
  version: 74bde9ea4c5b2c78995da8ed56d37e75644dc941
- name: github.com/SkygearIO/buford
  version: fa85459e6bd358249063cdffecd8ab025aa8a44c
  subpackages:
  - push
- name: github.com/twinj/uuid
  version: b505f2cca343b7b21416b27b1f2ad88469800892
- name: github.com/zeromq/goczmq
  version: faef36c9feea28111fd413ea29ea99d80ef54e7b
- name: go.opencensus.io
  version: 22a302cdd30bb5e3c0c894c70decd0b53e96eda0
  subpackages:
  - exemplar
  - internal
  - internal/tagencoding
  - plugin/ocgrpc
  - plugin/ochttp
  - plugin/ochttp/propagation/b3
  - stats
  - stats/internal
  - stats/view
  - tag
  - trace
  - trace/internal
  - trace/propagation
  - trace/tracestate
- name: golang.org/x/crypto
  version: 173ce04bfaf66c7bb0fa9d5c0bfd93e773909dbd
  subpackages:
  - bcrypt
  - blowfish
- name: golang.org/x/net
  version: 44b7c21cbf19450f38b337eb6b6fe4f6496fb5b3
  subpackages:
  - context
  - context/ctxhttp
  - http2
  - http2/hpack
  - idna
  - internal/timeseries
  - lex/httplex
  - trace
- name: golang.org/x/oauth2
  version: e0f2c55a7fc7d04742e0eef7918aa2389b0e1919
  subpackages:
  - google
  - internal
  - jws
  - jwt
- name: golang.org/x/sys
  version: 1c9583448a9c3aa0f9a6a5241bf73c0bd8aafded
  subpackages:
  - unix
- name: golang.org/x/text
  version: d14c52b222ee852cdba8b07206ca0c614b389876
  subpackages:
  - secure/bidirule
  - transform
  - unicode/bidi
  - unicode/norm
- name: google.golang.org/api
  version: 19e022d8cf43ce81f046bae8cc18c5397cc7732f
  subpackages:
  - gensupport
  - googleapi
  - googleapi/internal/uritemplates
  - googleapi/transport
  - identitytoolkit/v3
  - internal
  - iterator
  - option
  - storage/v1
  - transport
  - transport/grpc
  - transport/http
  - transport/http/internal/propagation
- name: google.golang.org/appengine
  version: 54a98f90d1c46b7731eb8fb305d2a321c30ef610
  subpackages:
  - internal
  - internal/app_identity
  - internal/base
  - internal/datastore
  - internal/log
  - internal/modules
  - internal/remote_api
  - internal/socket
  - internal/urlfetch
  - socket
  - urlfetch
- name: google.golang.org/genproto
  version: 4f5b463f9597cbe0dd13a6a2cd4f85e788d27508
  subpackages:
  - googleapis/api/annotations
  - googleapis/firestore/v1beta1
  - googleapis/iam/v1
  - googleapis/rpc/code
  - googleapis/rpc/status
  - googleapis/type/latlng
- name: google.golang.org/grpc
  version: 8dea3dc473e90c8179e519d91302d0597c0ca1d1
  subpackages:
  - balancer
  - balancer/base
  - balancer/roundrobin
  - codes
  - connectivity
  - credentials
  - credentials/oauth
  - encoding
  - encoding/proto
  - grpclog
  - internal
  - internal/backoff
  - internal/channelz
  - internal/envconfig
  - internal/grpcrand
  - internal/transport
  - keepalive
  - metadata
  - naming
  - peer
  - resolver
  - resolver/dns
  - resolver/passthrough
  - stats
  - status
  - tap
- name: gopkg.in/amz.v3
  version: 537454f724132c64dec76f0b9156917fcdd47e3a
  subpackages:
  - aws
  - s3
- name: gopkg.in/maddevsio/fcm.v1
  version: 4130b76cf1809bfa9d94bcb2aeecc687fa3ead35
testImports:
- name: github.com/gopherjs/gopherjs
  version: e34a5cd6a1bc7c4fde759f2d3039852fc68b5fcc
  subpackages:
  - js
- name: github.com/jarcoal/httpmock
  version: 4442edb3db31196622da56482fd8d0fa375fba4d
- name: github.com/jtolds/gls
  version: 8ddce2a84170772b95dd5d576c48d517b22cac63
- name: github.com/smartystreets/assertions
  version: 2063fd1cc7c975db70502811a34b06ad034ccdf2
  subpackages:
  - internal/go-render/render
  - internal/oglematchers
- name: github.com/smartystreets/goconvey
  version: d4c757aa9afd1e2fc1832aaab209b5794eb336e1
  subpackages:
  - convey
  - convey/gotest
  - convey/reporting
